<?xml version="1.0" encoding="utf-8"?>
<Project ToolsVersion="4.0" xmlns="http://schemas.microsoft.com/developer/msbuild/2003">
  <ItemGroup>
    <Filter Include="Source Files">
      <UniqueIdentifier>{4FC737F1-C7A5-4376-A066-2A32D752A2FF}</UniqueIdentifier>
      <Extensions>cpp;c;cc;cxx;def;odl;idl;hpj;bat;asm;asmx</Extensions>
    </Filter>
    <Filter Include="Header Files">
      <UniqueIdentifier>{93995380-89BD-4b04-88EB-625FBE52EBFB}</UniqueIdentifier>
      <Extensions>h;hh;hpp;hxx;hm;inl;inc;ipp;xsd</Extensions>
    </Filter>
    <Filter Include="Source Files\core">
      <UniqueIdentifier>{A1B2C3D4-E5F6-4A5B-8C9D-0E1F2A3B4C5D}</UniqueIdentifier>
    </Filter>
    <Filter Include="Header Files\core">
      <UniqueIdentifier>{B2C3D4E5-F6A7-5B6C-9D0E-1F2A3B4C5D6E}</UniqueIdentifier>
    </Filter>
    <Filter Include="Source Files\injection">
      <UniqueIdentifier>{C3D4E5F6-A7B8-6C7D-0E1F-2A3B4C5D6E7F}</UniqueIdentifier>
    </Filter>
    <Filter Include="Source Files\injection\thread_creation">
      <UniqueIdentifier>{D4E5F6A7-B8C9-7D8E-1F2A-3B4C5D6E7F8A}</UniqueIdentifier>
    </Filter>
    <Filter Include="Source Files\injection\apc_based">
      <UniqueIdentifier>{E5F6A7B8-C9D0-8E9F-2A3B-4C5D6E7F8A9B}</UniqueIdentifier>
    </Filter>
    <Filter Include="Source Files\injection\hook_based">
      <UniqueIdentifier>{F6A7B8C9-D0E1-9F0A-3B4C-5D6E7F8A9B0C}</UniqueIdentifier>
    </Filter>
    <Filter Include="Header Files\injection">
      <UniqueIdentifier>{A7B8C9D0-E1F2-0A1B-4C5D-6E7F8A9B0C1D}</UniqueIdentifier>
    </Filter>
  </ItemGroup>
  <ItemGroup>
    <ClCompile Include="src\core\SystemInfo.cpp">
      <Filter>Source Files\core</Filter>
    </ClCompile>
    <ClCompile Include="src\core\ProcessManager.cpp">
      <Filter>Source Files\core</Filter>
    </ClCompile>
    <ClCompile Include="src\injection\thread_creation\CreateRemoteThreadInjector.cpp">
      <Filter>Source Files\injection\thread_creation</Filter>
    </ClCompile>
    <ClCompile Include="src\injection\thread_creation\NtCreateThreadExInjector.cpp">
      <Filter>Source Files\injection\thread_creation</Filter>
    </ClCompile>
    <ClCompile Include="src\injection\thread_creation\RtlCreateUserThreadInjector.cpp">
      <Filter>Source Files\injection\thread_creation</Filter>
    </ClCompile>
    <ClCompile Include="src\injection\apc_based\QueueUserAPCInjector.cpp">
      <Filter>Source Files\injection\apc_based</Filter>
    </ClCompile>
    <ClCompile Include="src\injection\hook_based\SetWindowsHookExInjector.cpp">
      <Filter>Source Files\injection\hook_based</Filter>
    </ClCompile>
    <ClCompile Include="src\gui\GuiMain.cpp">
      <Filter>Source Files</Filter>
    </ClCompile>
    <ClCompile Include="src\gui\MainWindow.cpp">
      <Filter>Source Files</Filter>
    </ClCompile>
    <ClCompile Include="src\gui\ProcessPropertiesDialog.cpp">
      <Filter>Source Files</Filter>
    </ClCompile>
    <ClCompile Include="src\core\ModuleManager.cpp">
      <Filter>Source Files</Filter>
    </ClCompile>
    <ClCompile Include="src\core\MemoryManager.cpp">
      <Filter>Source Files</Filter>
    </ClCompile>
    <ClCompile Include="src\core\HandleManager.cpp">
      <Filter>Source Files</Filter>
    </ClCompile>
    <ClCompile Include="src\security\SecurityManager.cpp">
      <Filter>Source Files</Filter>
    </ClCompile>
    <ClCompile Include="src\utils\Logger.cpp">
      <Filter>Source Files</Filter>
    </ClCompile>
    <ClCompile Include="src\utils\ErrorHandler.cpp">
      <Filter>Source Files</Filter>
    </ClCompile>
  </ItemGroup>
  <ItemGroup>
    <ClInclude Include="src\core\SystemInfo.h">
      <Filter>Header Files\core</Filter>
    </ClInclude>
    <ClInclude Include="src\core\ProcessManager.h">
      <Filter>Header Files\core</Filter>
    </ClInclude>
    <ClInclude Include="src\injection\InjectionEngine.h">
      <Filter>Header Files\injection</Filter>
    </ClInclude>
    <ClInclude Include="src\gui\MainWindow.h">
      <Filter>Header Files</Filter>
    </ClInclude>
    <ClInclude Include="src\gui\ProcessPropertiesDialog.h">
      <Filter>Header Files</Filter>
    </ClInclude>
    <ClInclude Include="src\core\ModuleManager.h">
      <Filter>Header Files</Filter>
    </ClInclude>
    <ClInclude Include="src\core\MemoryManager.h">
      <Filter>Header Files</Filter>
    </ClInclude>
    <ClInclude Include="src\core\HandleManager.h">
      <Filter>Header Files</Filter>
    </ClInclude>
    <ClInclude Include="src\core\Config.h">
      <Filter>Header Files</Filter>
    </ClInclude>
    <ClInclude Include="src\core\HandleWrapper.h">
      <Filter>Header Files</Filter>
    </ClInclude>
    <ClInclude Include="src\security\SecurityManager.h">
      <Filter>Header Files</Filter>
    </ClInclude>
    <ClInclude Include="src\utils\Logger.h">
      <Filter>Header Files</Filter>
    </ClInclude>
    <ClInclude Include="src\utils\ErrorHandler.h">
      <Filter>Header Files</Filter>
    </ClInclude>
    <ClInclude Include="resource.h">
      <Filter>Header Files</Filter>
    </ClInclude>
  </ItemGroup>
  <ItemGroup>
    <ResourceCompile Include="WinProcessInspector.rc" />
  </ItemGroup>
  <ItemGroup>
    <None Include="resources\icon.ico" />
  </ItemGroup>
</Project>